
Microsoft Visual Studio Solution File, Format Version 12.00
# Visual Studio 15
VisualStudioVersion = 15.0.27004.2010
MinimumVisualStudioVersion = 10.0.40219.1
Project("{FAE04EC0-301F-11D3-BF4B-00C04F79EFBC}") = "CryptingAlgorithms", "CryptingAlgorithms\CryptingAlgorithms.csproj", "{949FA1BE-EE74-4E98-8842-668B96285595}"
EndProject
Global
	GlobalSection(SolutionConfigurationPlatforms) = preSolution
		Debug|Any CPU = Debug|Any CPU
		Release|Any CPU = Release|Any CPU
	EndGlobalSection
	GlobalSection(ProjectConfigurationPlatforms) = postSolution
		{949FA1BE-EE74-4E98-8842-668B96285595}.Debug|Any CPU.ActiveCfg = Debug|Any CPU
		{949FA1BE-EE74-4E98-8842-668B96285595}.Debug|Any CPU.Build.0 = Debug|Any CPU
		{949FA1BE-EE74-4E98-8842-668B96285595}.Release|Any CPU.ActiveCfg = Release|Any CPU
		{949FA1BE-EE74-4E98-8842-668B96285595}.Release|Any CPU.Build.0 = Release|Any CPU
	EndGlobalSection
	GlobalSection(SolutionProperties) = preSolution
		HideSolutionNode = FALSE
	EndGlobalSection
	GlobalSection(ExtensibilityGlobals) = postSolution
		SolutionGuid = {C0974C41-06EC-47EE-BC2E-9F12707624F0}
	EndGlobalSection
EndGlobal
